
Microsoft Visual Studio Solution File, Format Version 12.00
# Visual Studio Version 17
VisualStudioVersion = 17.4.33403.182
MinimumVisualStudioVersion = 10.0.40219.1
Project("{9A19103F-16F7-4668-BE54-9A1E7A4F7556}") = "QLBH.GUI", "QLBH.GUI\QLBH.GUI.csproj", "{C40DDB40-1B1A-4CD9-887C-42091A4F971E}"
EndProject
Project("{FAE04EC0-301F-11D3-BF4B-00C04F79EFBC}") = "QLBH.DataLibrary", "QLBH.DataLibrary\QLBH.DataLibrary.csproj", "{86DB2E29-8D6A-495A-892D-4878ACBA73C7}"
EndProject
Global
	GlobalSection(SolutionConfigurationPlatforms) = preSolution
		Debug|Any CPU = Debug|Any CPU
		Release|Any CPU = Release|Any CPU
	EndGlobalSection
	GlobalSection(ProjectConfigurationPlatforms) = postSolution
		{C40DDB40-1B1A-4CD9-887C-42091A4F971E}.Debug|Any CPU.ActiveCfg = Debug|Any CPU
		{C40DDB40-1B1A-4CD9-887C-42091A4F971E}.Debug|Any CPU.Build.0 = Debug|Any CPU
		{C40DDB40-1B1A-4CD9-887C-42091A4F971E}.Release|Any CPU.ActiveCfg = Release|Any CPU
		{C40DDB40-1B1A-4CD9-887C-42091A4F971E}.Release|Any CPU.Build.0 = Release|Any CPU
		{86DB2E29-8D6A-495A-892D-4878ACBA73C7}.Debug|Any CPU.ActiveCfg = Debug|Any CPU
		{86DB2E29-8D6A-495A-892D-4878ACBA73C7}.Debug|Any CPU.Build.0 = Debug|Any CPU
		{86DB2E29-8D6A-495A-892D-4878ACBA73C7}.Release|Any CPU.ActiveCfg = Release|Any CPU
		{86DB2E29-8D6A-495A-892D-4878ACBA73C7}.Release|Any CPU.Build.0 = Release|Any CPU
	EndGlobalSection
	GlobalSection(SolutionProperties) = preSolution
		HideSolutionNode = FALSE
	EndGlobalSection
	GlobalSection(ExtensibilityGlobals) = postSolution
		SolutionGuid = {E185BE50-72A1-4374-AE20-B8D71F51A3CA}
	EndGlobalSection
EndGlobal
